
Microsoft Visual Studio Solution File, Format Version 12.00
# Visual Studio Version 17
VisualStudioVersion = 17.0.31903.59
MinimumVisualStudioVersion = 10.0.40219.1
Project("{9A19103F-16F7-4668-BE54-9A1E7A4F7556}") = "SearchFile", "SearchFile\SearchFile.csproj", "{31EB6BA1-D386-4981-AEA6-F76C3E6F5A98}"
EndProject
Project("{FAE04EC0-301F-11D3-BF4B-00C04F79EFBC}") = "CMD", "CMD\CMD.csproj", "{7C4A8E64-B0CF-4BB8-9206-88F6D4DF333A}"
EndProject
Global
	GlobalSection(SolutionConfigurationPlatforms) = preSolution
		Debug|Any CPU = Debug|Any CPU
		Release|Any CPU = Release|Any CPU
	EndGlobalSection
	GlobalSection(ProjectConfigurationPlatforms) = postSolution
		{31EB6BA1-D386-4981-AEA6-F76C3E6F5A98}.Debug|Any CPU.ActiveCfg = Debug|Any CPU
		{31EB6BA1-D386-4981-AEA6-F76C3E6F5A98}.Debug|Any CPU.Build.0 = Debug|Any CPU
		{31EB6BA1-D386-4981-AEA6-F76C3E6F5A98}.Release|Any CPU.ActiveCfg = Release|Any CPU
		{31EB6BA1-D386-4981-AEA6-F76C3E6F5A98}.Release|Any CPU.Build.0 = Release|Any CPU
		{7C4A8E64-B0CF-4BB8-9206-88F6D4DF333A}.Debug|Any CPU.ActiveCfg = Debug|Any CPU
		{7C4A8E64-B0CF-4BB8-9206-88F6D4DF333A}.Debug|Any CPU.Build.0 = Debug|Any CPU
		{7C4A8E64-B0CF-4BB8-9206-88F6D4DF333A}.Release|Any CPU.ActiveCfg = Release|Any CPU
		{7C4A8E64-B0CF-4BB8-9206-88F6D4DF333A}.Release|Any CPU.Build.0 = Release|Any CPU
	EndGlobalSection
	GlobalSection(SolutionProperties) = preSolution
		HideSolutionNode = FALSE
	EndGlobalSection
EndGlobal
